
Microsoft Visual Studio Solution File, Format Version 12.00
# Visual Studio Version 17
VisualStudioVersion = 17.14.36221.1 d17.14
MinimumVisualStudioVersion = 10.0.40219.1
Project("{FAE04EC0-301F-11D3-BF4B-00C04F79EFBC}") = "SumFinderLibrary", "SumFinderLibrary\SumFinderLibrary.csproj", "{5D0AAD8C-135C-40F7-B1B1-57E98DD82A88}"
EndProject
Project("{FAE04EC0-301F-11D3-BF4B-00C04F79EFBC}") = "SumFinderTests", "SumFinderTests\SumFinderTests.csproj", "{5DF0058A-9FC0-48C6-9176-EABDFD14D6FB}"
EndProject
Global
	GlobalSection(SolutionConfigurationPlatforms) = preSolution
		Debug|Any CPU = Debug|Any CPU
		Release|Any CPU = Release|Any CPU
	EndGlobalSection
	GlobalSection(ProjectConfigurationPlatforms) = postSolution
		{5D0AAD8C-135C-40F7-B1B1-57E98DD82A88}.Debug|Any CPU.ActiveCfg = Debug|Any CPU
		{5D0AAD8C-135C-40F7-B1B1-57E98DD82A88}.Debug|Any CPU.Build.0 = Debug|Any CPU
		{5D0AAD8C-135C-40F7-B1B1-57E98DD82A88}.Release|Any CPU.ActiveCfg = Release|Any CPU
		{5D0AAD8C-135C-40F7-B1B1-57E98DD82A88}.Release|Any CPU.Build.0 = Release|Any CPU
		{5DF0058A-9FC0-48C6-9176-EABDFD14D6FB}.Debug|Any CPU.ActiveCfg = Debug|Any CPU
		{5DF0058A-9FC0-48C6-9176-EABDFD14D6FB}.Debug|Any CPU.Build.0 = Debug|Any CPU
		{5DF0058A-9FC0-48C6-9176-EABDFD14D6FB}.Release|Any CPU.ActiveCfg = Release|Any CPU
		{5DF0058A-9FC0-48C6-9176-EABDFD14D6FB}.Release|Any CPU.Build.0 = Release|Any CPU
	EndGlobalSection
	GlobalSection(SolutionProperties) = preSolution
		HideSolutionNode = FALSE
	EndGlobalSection
	GlobalSection(ExtensibilityGlobals) = postSolution
		SolutionGuid = {0A0D7AD7-4063-4A95-B954-7C18D553B539}
	EndGlobalSection
EndGlobal
